
Microsoft Visual Studio Solution File, Format Version 12.00
# Visual Studio Version 16
VisualStudioVersion = 16.0.31112.23
MinimumVisualStudioVersion = 10.0.40219.1
Project("{9A19103F-16F7-4668-BE54-9A1E7A4F7556}") = "BSM.Server", "Server\BSM.Server.csproj", "{5215B491-FE47-46DE-813D-18FCBD44D62F}"
EndProject
Project("{9A19103F-16F7-4668-BE54-9A1E7A4F7556}") = "BSM.Client", "Client\BSM.Client.csproj", "{7D162646-49EC-4EB6-ADFB-B692D0D306DA}"
EndProject
Project("{9A19103F-16F7-4668-BE54-9A1E7A4F7556}") = "BSM.Shared", "Shared\BSM.Shared.csproj", "{A235BA34-34D3-43DE-8675-398778DC4C8E}"
EndProject
Global
	GlobalSection(SolutionConfigurationPlatforms) = preSolution
		Debug|Any CPU = Debug|Any CPU
		Release|Any CPU = Release|Any CPU
	EndGlobalSection
	GlobalSection(ProjectConfigurationPlatforms) = postSolution
		{5215B491-FE47-46DE-813D-18FCBD44D62F}.Debug|Any CPU.ActiveCfg = Debug|Any CPU
		{5215B491-FE47-46DE-813D-18FCBD44D62F}.Debug|Any CPU.Build.0 = Debug|Any CPU
		{5215B491-FE47-46DE-813D-18FCBD44D62F}.Release|Any CPU.ActiveCfg = Release|Any CPU
		{5215B491-FE47-46DE-813D-18FCBD44D62F}.Release|Any CPU.Build.0 = Release|Any CPU
		{7D162646-49EC-4EB6-ADFB-B692D0D306DA}.Debug|Any CPU.ActiveCfg = Debug|Any CPU
		{7D162646-49EC-4EB6-ADFB-B692D0D306DA}.Debug|Any CPU.Build.0 = Debug|Any CPU
		{7D162646-49EC-4EB6-ADFB-B692D0D306DA}.Release|Any CPU.ActiveCfg = Release|Any CPU
		{7D162646-49EC-4EB6-ADFB-B692D0D306DA}.Release|Any CPU.Build.0 = Release|Any CPU
		{A235BA34-34D3-43DE-8675-398778DC4C8E}.Debug|Any CPU.ActiveCfg = Debug|Any CPU
		{A235BA34-34D3-43DE-8675-398778DC4C8E}.Debug|Any CPU.Build.0 = Debug|Any CPU
		{A235BA34-34D3-43DE-8675-398778DC4C8E}.Release|Any CPU.ActiveCfg = Release|Any CPU
		{A235BA34-34D3-43DE-8675-398778DC4C8E}.Release|Any CPU.Build.0 = Release|Any CPU
	EndGlobalSection
	GlobalSection(SolutionProperties) = preSolution
		HideSolutionNode = FALSE
	EndGlobalSection
	GlobalSection(ExtensibilityGlobals) = postSolution
		SolutionGuid = {A9525F54-ACA9-44F1-A10A-8B9716C64343}
	EndGlobalSection
EndGlobal
